
Microsoft Visual Studio Solution File, Format Version 12.00
# Visual Studio Version 16
VisualStudioVersion = 16.0.30114.105
MinimumVisualStudioVersion = 10.0.40219.1
Project("{FAE04EC0-301F-11D3-BF4B-00C04F79EFBC}") = "DayFlags.Core", "DayFlags.Core\DayFlags.Core.csproj", "{583AC059-AF2F-4A6A-B0C8-3E41F5720579}"
EndProject
Project("{FAE04EC0-301F-11D3-BF4B-00C04F79EFBC}") = "DayFlags.Server", "DayFlags.Server\DayFlags.Server.csproj", "{D87468B6-EE2B-49FF-B798-4FC1D48B38B9}"
EndProject
Global
	GlobalSection(SolutionConfigurationPlatforms) = preSolution
		Debug|Any CPU = Debug|Any CPU
		Release|Any CPU = Release|Any CPU
	EndGlobalSection
	GlobalSection(SolutionProperties) = preSolution
		HideSolutionNode = FALSE
	EndGlobalSection
	GlobalSection(ProjectConfigurationPlatforms) = postSolution
		{583AC059-AF2F-4A6A-B0C8-3E41F5720579}.Debug|Any CPU.ActiveCfg = Debug|Any CPU
		{583AC059-AF2F-4A6A-B0C8-3E41F5720579}.Debug|Any CPU.Build.0 = Debug|Any CPU
		{583AC059-AF2F-4A6A-B0C8-3E41F5720579}.Release|Any CPU.ActiveCfg = Release|Any CPU
		{583AC059-AF2F-4A6A-B0C8-3E41F5720579}.Release|Any CPU.Build.0 = Release|Any CPU
		{D87468B6-EE2B-49FF-B798-4FC1D48B38B9}.Debug|Any CPU.ActiveCfg = Debug|Any CPU
		{D87468B6-EE2B-49FF-B798-4FC1D48B38B9}.Debug|Any CPU.Build.0 = Debug|Any CPU
		{D87468B6-EE2B-49FF-B798-4FC1D48B38B9}.Release|Any CPU.ActiveCfg = Release|Any CPU
		{D87468B6-EE2B-49FF-B798-4FC1D48B38B9}.Release|Any CPU.Build.0 = Release|Any CPU
	EndGlobalSection
EndGlobal
